
Microsoft Visual Studio Solution File, Format Version 12.00
# Visual Studio Version 16
VisualStudioVersion = 16.0.29806.167
MinimumVisualStudioVersion = 10.0.40219.1
Project("{FAE04EC0-301F-11D3-BF4B-00C04F79EFBC}") = "Atividade 1 - Classes e Objetos", "Atividade 1 - Classes e Objetos\Atividade 1 - Classes e Objetos.csproj", "{79E42DB3-206A-45C4-A240-FA1D48E9B0E5}"
EndProject
Global
	GlobalSection(SolutionConfigurationPlatforms) = preSolution
		Debug|Any CPU = Debug|Any CPU
		Release|Any CPU = Release|Any CPU
	EndGlobalSection
	GlobalSection(ProjectConfigurationPlatforms) = postSolution
		{79E42DB3-206A-45C4-A240-FA1D48E9B0E5}.Debug|Any CPU.ActiveCfg = Debug|Any CPU
		{79E42DB3-206A-45C4-A240-FA1D48E9B0E5}.Debug|Any CPU.Build.0 = Debug|Any CPU
		{79E42DB3-206A-45C4-A240-FA1D48E9B0E5}.Release|Any CPU.ActiveCfg = Release|Any CPU
		{79E42DB3-206A-45C4-A240-FA1D48E9B0E5}.Release|Any CPU.Build.0 = Release|Any CPU
	EndGlobalSection
	GlobalSection(SolutionProperties) = preSolution
		HideSolutionNode = FALSE
	EndGlobalSection
	GlobalSection(ExtensibilityGlobals) = postSolution
		SolutionGuid = {FAEF7A57-EF9E-4732-B3AA-0D841B520A76}
	EndGlobalSection
EndGlobal
